
Microsoft Visual Studio Solution File, Format Version 12.00
# Visual Studio Version 17
VisualStudioVersion = 17.3.32929.385
MinimumVisualStudioVersion = 10.0.40219.1
Project("{FAE04EC0-301F-11D3-BF4B-00C04F79EFBC}") = "56-5", "56-5\56-5.csproj", "{9C0FE48C-DA83-49FB-A89D-57E4DA25AB3D}"
EndProject
Global
	GlobalSection(SolutionConfigurationPlatforms) = preSolution
		Debug|Any CPU = Debug|Any CPU
		Release|Any CPU = Release|Any CPU
	EndGlobalSection
	GlobalSection(ProjectConfigurationPlatforms) = postSolution
		{9C0FE48C-DA83-49FB-A89D-57E4DA25AB3D}.Debug|Any CPU.ActiveCfg = Debug|Any CPU
		{9C0FE48C-DA83-49FB-A89D-57E4DA25AB3D}.Debug|Any CPU.Build.0 = Debug|Any CPU
		{9C0FE48C-DA83-49FB-A89D-57E4DA25AB3D}.Release|Any CPU.ActiveCfg = Release|Any CPU
		{9C0FE48C-DA83-49FB-A89D-57E4DA25AB3D}.Release|Any CPU.Build.0 = Release|Any CPU
	EndGlobalSection
	GlobalSection(SolutionProperties) = preSolution
		HideSolutionNode = FALSE
	EndGlobalSection
	GlobalSection(ExtensibilityGlobals) = postSolution
		SolutionGuid = {A39E476E-92D2-43A8-A6B7-0FE7614CCC54}
	EndGlobalSection
EndGlobal
