
Microsoft Visual Studio Solution File, Format Version 12.00
# Visual Studio Version 17
VisualStudioVersion = 17.3.32929.385
MinimumVisualStudioVersion = 10.0.40219.1
Project("{FAE04EC0-301F-11D3-BF4B-00C04F79EFBC}") = "2-16-2", "2-16-2\2-16-2.csproj", "{7D720D64-723D-4DC5-A102-F3995B77E6EA}"
EndProject
Global
	GlobalSection(SolutionConfigurationPlatforms) = preSolution
		Debug|Any CPU = Debug|Any CPU
		Release|Any CPU = Release|Any CPU
	EndGlobalSection
	GlobalSection(ProjectConfigurationPlatforms) = postSolution
		{7D720D64-723D-4DC5-A102-F3995B77E6EA}.Debug|Any CPU.ActiveCfg = Debug|Any CPU
		{7D720D64-723D-4DC5-A102-F3995B77E6EA}.Debug|Any CPU.Build.0 = Debug|Any CPU
		{7D720D64-723D-4DC5-A102-F3995B77E6EA}.Release|Any CPU.ActiveCfg = Release|Any CPU
		{7D720D64-723D-4DC5-A102-F3995B77E6EA}.Release|Any CPU.Build.0 = Release|Any CPU
	EndGlobalSection
	GlobalSection(SolutionProperties) = preSolution
		HideSolutionNode = FALSE
	EndGlobalSection
	GlobalSection(ExtensibilityGlobals) = postSolution
		SolutionGuid = {DB80F6ED-5DBD-4438-8B59-5B8DD4111E14}
	EndGlobalSection
EndGlobal
