
Microsoft Visual Studio Solution File, Format Version 12.00
# Visual Studio Version 17
VisualStudioVersion = 17.3.32929.385
MinimumVisualStudioVersion = 10.0.40219.1
Project("{FAE04EC0-301F-11D3-BF4B-00C04F79EFBC}") = "56-1", "56-1\56-1.csproj", "{471672B0-B04E-4AE5-809B-BFC363B02DB4}"
EndProject
Global
	GlobalSection(SolutionConfigurationPlatforms) = preSolution
		Debug|Any CPU = Debug|Any CPU
		Release|Any CPU = Release|Any CPU
	EndGlobalSection
	GlobalSection(ProjectConfigurationPlatforms) = postSolution
		{471672B0-B04E-4AE5-809B-BFC363B02DB4}.Debug|Any CPU.ActiveCfg = Debug|Any CPU
		{471672B0-B04E-4AE5-809B-BFC363B02DB4}.Debug|Any CPU.Build.0 = Debug|Any CPU
		{471672B0-B04E-4AE5-809B-BFC363B02DB4}.Release|Any CPU.ActiveCfg = Release|Any CPU
		{471672B0-B04E-4AE5-809B-BFC363B02DB4}.Release|Any CPU.Build.0 = Release|Any CPU
	EndGlobalSection
	GlobalSection(SolutionProperties) = preSolution
		HideSolutionNode = FALSE
	EndGlobalSection
	GlobalSection(ExtensibilityGlobals) = postSolution
		SolutionGuid = {2B1E7559-9A11-4228-B7C6-870F16CC9A52}
	EndGlobalSection
EndGlobal
