
Microsoft Visual Studio Solution File, Format Version 12.00
# Visual Studio Version 17
VisualStudioVersion = 17.3.32929.385
MinimumVisualStudioVersion = 10.0.40219.1
Project("{FAE04EC0-301F-11D3-BF4B-00C04F79EFBC}") = "76-1", "76-1\76-1.csproj", "{1669E73B-F9D4-4189-8C6E-92B109CE2DDA}"
EndProject
Global
	GlobalSection(SolutionConfigurationPlatforms) = preSolution
		Debug|Any CPU = Debug|Any CPU
		Release|Any CPU = Release|Any CPU
	EndGlobalSection
	GlobalSection(ProjectConfigurationPlatforms) = postSolution
		{1669E73B-F9D4-4189-8C6E-92B109CE2DDA}.Debug|Any CPU.ActiveCfg = Debug|Any CPU
		{1669E73B-F9D4-4189-8C6E-92B109CE2DDA}.Debug|Any CPU.Build.0 = Debug|Any CPU
		{1669E73B-F9D4-4189-8C6E-92B109CE2DDA}.Release|Any CPU.ActiveCfg = Release|Any CPU
		{1669E73B-F9D4-4189-8C6E-92B109CE2DDA}.Release|Any CPU.Build.0 = Release|Any CPU
	EndGlobalSection
	GlobalSection(SolutionProperties) = preSolution
		HideSolutionNode = FALSE
	EndGlobalSection
	GlobalSection(ExtensibilityGlobals) = postSolution
		SolutionGuid = {F3433765-43C6-4FA6-9537-212D68B92F34}
	EndGlobalSection
EndGlobal
