
Microsoft Visual Studio Solution File, Format Version 12.00
# Visual Studio Version 17
VisualStudioVersion = 17.3.32929.385
MinimumVisualStudioVersion = 10.0.40219.1
Project("{FAE04EC0-301F-11D3-BF4B-00C04F79EFBC}") = "68-3", "68-3\68-3.csproj", "{1FA9EE6D-19D2-48A2-A078-3992E68D830B}"
EndProject
Global
	GlobalSection(SolutionConfigurationPlatforms) = preSolution
		Debug|Any CPU = Debug|Any CPU
		Release|Any CPU = Release|Any CPU
	EndGlobalSection
	GlobalSection(ProjectConfigurationPlatforms) = postSolution
		{1FA9EE6D-19D2-48A2-A078-3992E68D830B}.Debug|Any CPU.ActiveCfg = Debug|Any CPU
		{1FA9EE6D-19D2-48A2-A078-3992E68D830B}.Debug|Any CPU.Build.0 = Debug|Any CPU
		{1FA9EE6D-19D2-48A2-A078-3992E68D830B}.Release|Any CPU.ActiveCfg = Release|Any CPU
		{1FA9EE6D-19D2-48A2-A078-3992E68D830B}.Release|Any CPU.Build.0 = Release|Any CPU
	EndGlobalSection
	GlobalSection(SolutionProperties) = preSolution
		HideSolutionNode = FALSE
	EndGlobalSection
	GlobalSection(ExtensibilityGlobals) = postSolution
		SolutionGuid = {8AFBEA8B-8E7B-4223-9561-091C829AEFFA}
	EndGlobalSection
EndGlobal
